
Microsoft Visual Studio Solution File, Format Version 12.00
# Visual Studio Version 17
VisualStudioVersion = 17.4.33103.184
MinimumVisualStudioVersion = 10.0.40219.1
Project("{9A19103F-16F7-4668-BE54-9A1E7A4F7556}") = "eBayNotifier", "eBayNotifier\eBayNotifier.csproj", "{1402A93D-F15E-4E35-A356-E2D819F7E3DA}"
EndProject
Project("{9A19103F-16F7-4668-BE54-9A1E7A4F7556}") = "SwimmingPool", "SwimmingPool\SwimmingPool.csproj", "{B172E938-FABD-4357-B1A9-B61F531A151E}"
EndProject
Project("{9A19103F-16F7-4668-BE54-9A1E7A4F7556}") = "Shared", "Shared\Shared.csproj", "{B2FC6DF9-4C9E-4D37-8013-578B75B8D6B0}"
EndProject
Global
	GlobalSection(SolutionConfigurationPlatforms) = preSolution
		Debug|Any CPU = Debug|Any CPU
		Release|Any CPU = Release|Any CPU
	EndGlobalSection
	GlobalSection(ProjectConfigurationPlatforms) = postSolution
		{1402A93D-F15E-4E35-A356-E2D819F7E3DA}.Debug|Any CPU.ActiveCfg = Debug|Any CPU
		{1402A93D-F15E-4E35-A356-E2D819F7E3DA}.Debug|Any CPU.Build.0 = Debug|Any CPU
		{1402A93D-F15E-4E35-A356-E2D819F7E3DA}.Release|Any CPU.ActiveCfg = Release|Any CPU
		{1402A93D-F15E-4E35-A356-E2D819F7E3DA}.Release|Any CPU.Build.0 = Release|Any CPU
		{B172E938-FABD-4357-B1A9-B61F531A151E}.Debug|Any CPU.ActiveCfg = Debug|Any CPU
		{B172E938-FABD-4357-B1A9-B61F531A151E}.Debug|Any CPU.Build.0 = Debug|Any CPU
		{B172E938-FABD-4357-B1A9-B61F531A151E}.Release|Any CPU.ActiveCfg = Release|Any CPU
		{B172E938-FABD-4357-B1A9-B61F531A151E}.Release|Any CPU.Build.0 = Release|Any CPU
		{B2FC6DF9-4C9E-4D37-8013-578B75B8D6B0}.Debug|Any CPU.ActiveCfg = Debug|Any CPU
		{B2FC6DF9-4C9E-4D37-8013-578B75B8D6B0}.Debug|Any CPU.Build.0 = Debug|Any CPU
		{B2FC6DF9-4C9E-4D37-8013-578B75B8D6B0}.Release|Any CPU.ActiveCfg = Release|Any CPU
		{B2FC6DF9-4C9E-4D37-8013-578B75B8D6B0}.Release|Any CPU.Build.0 = Release|Any CPU
	EndGlobalSection
	GlobalSection(SolutionProperties) = preSolution
		HideSolutionNode = FALSE
	EndGlobalSection
	GlobalSection(ExtensibilityGlobals) = postSolution
		SolutionGuid = {638EA959-270C-4260-BC14-0E0AF6BCE4F9}
	EndGlobalSection
EndGlobal
